// !$*UTF8*$!
{
	archiveVersion = 1;
	classes = {
	};
	objectVersion = 56;
	objects = {

/* Begin PBXBuildFile section */
		F6C4F8A12B9AEC40007A8D29 /* For42GSApp.swift in Sources */ = {isa = PBXBuildFile; fileRef = F6C4F8A02B9AEC40007A8D29 /* For42GSApp.swift */; };
		F6C4F8A32B9AEC40007A8D29 /* ContentView.swift in Sources */ = {isa = PBXBuildFile; fileRef = F6C4F8A22B9AEC40007A8D29 /* ContentView.swift */; };
		F6C4F8A52B9AEC41007A8D29 /* Assets.xcassets in Resources */ = {isa = PBXBuildFile; fileRef = F6C4F8A42B9AEC41007A8D29 /* Assets.xcassets */; };
		F6C4F8A82B9AEC41007A8D29 /* Preview Assets.xcassets in Resources */ = {isa = PBXBuildFile; fileRef = F6C4F8A72B9AEC41007A8D29 /* Preview Assets.xcassets */; };
		F6C4F8AF2B9AEDAD007A8D29 /* Auth.swift in Sources */ = {isa = PBXBuildFile; fileRef = F6C4F8AE2B9AEDAD007A8D29 /* Auth.swift */; };
		F6C4F8B12B9AF956007A8D29 /* Service.swift in Sources */ = {isa = PBXBuildFile; fileRef = F6C4F8B02B9AF956007A8D29 /* Service.swift */; };
		F6C4F8B32B9AFD10007A8D29 /* UIScreen.swift in Sources */ = {isa = PBXBuildFile; fileRef = F6C4F8B22B9AFD10007A8D29 /* UIScreen.swift */; };
		F6C4F8C02B9B1042007A8D29 /* Alamofire in Frameworks */ = {isa = PBXBuildFile; productRef = F6C4F8BF2B9B1042007A8D29 /* Alamofire */; };
		F6FA7F952BD6305F00738F65 /* Info.swift in Sources */ = {isa = PBXBuildFile; fileRef = F6FA7F942BD6305F00738F65 /* Info.swift */; };
/* End PBXBuildFile section */

/* Begin PBXFileReference section */
		F6C4F89D2B9AEC40007A8D29 /* For42GS.app */ = {isa = PBXFileReference; explicitFileType = wrapper.application; includeInIndex = 0; path = For42GS.app; sourceTree = BUILT_PRODUCTS_DIR; };
		F6C4F8A02B9AEC40007A8D29 /* For42GSApp.swift */ = {isa = PBXFileReference; lastKnownFileType = sourcecode.swift; path = For42GSApp.swift; sourceTree = "<group>"; };
		F6C4F8A22B9AEC40007A8D29 /* ContentView.swift */ = {isa = PBXFileReference; lastKnownFileType = sourcecode.swift; path = ContentView.swift; sourceTree = "<group>"; };
		F6C4F8A42B9AEC41007A8D29 /* Assets.xcassets */ = {isa = PBXFileReference; lastKnownFileType = folder.assetcatalog; path = Assets.xcassets; sourceTree = "<group>"; };
		F6C4F8A72B9AEC41007A8D29 /* Preview Assets.xcassets */ = {isa = PBXFileReference; lastKnownFileType = folder.assetcatalog; path = "Preview Assets.xcassets"; sourceTree = "<group>"; };
		F6C4F8AE2B9AEDAD007A8D29 /* Auth.swift */ = {isa = PBXFileReference; lastKnownFileType = sourcecode.swift; path = Auth.swift; sourceTree = "<group>"; };
		F6C4F8B02B9AF956007A8D29 /* Service.swift */ = {isa = PBXFileReference; lastKnownFileType = sourcecode.swift; path = Service.swift; sourceTree = "<group>"; };
		F6C4F8B22B9AFD10007A8D29 /* UIScreen.swift */ = {isa = PBXFileReference; lastKnownFileType = sourcecode.swift; path = UIScreen.swift; sourceTree = "<group>"; };
		F6FA7F942BD6305F00738F65 /* Info.swift */ = {isa = PBXFileReference; lastKnownFileType = sourcecode.swift; path = Info.swift; sourceTree = "<group>"; };
/* End PBXFileReference section */

/* Begin PBXFrameworksBuildPhase section */
		F6C4F89A2B9AEC40007A8D29 /* Frameworks */ = {
			isa = PBXFrameworksBuildPhase;
			buildActionMask = 2147483647;
			files = (
				F6C4F8C02B9B1042007A8D29 /* Alamofire in Frameworks */,
			);
			runOnlyForDeploymentPostprocessing = 0;
		};
/* End PBXFrameworksBuildPhase section */

/* Begin PBXGroup section */
		F6C4F8942B9AEC40007A8D29 = {
			isa = PBXGroup;
			children = (
				F6C4F89F2B9AEC40007A8D29 /* For42GS */,
				F6C4F89E2B9AEC40007A8D29 /* Products */,
			);
			sourceTree = "<group>";
		};
		F6C4F89E2B9AEC40007A8D29 /* Products */ = {
			isa = PBXGroup;
			children = (
				F6C4F89D2B9AEC40007A8D29 /* For42GS.app */,
			);
			name = Products;
			sourceTree = "<group>";
		};
		F6C4F89F2B9AEC40007A8D29 /* For42GS */ = {
			isa = PBXGroup;
			children = (
				F6C4F8A02B9AEC40007A8D29 /* For42GSApp.swift */,
				F6C4F8B72B9B0612007A8D29 /* View */,
				F6C4F8B82B9B0623007A8D29 /* Service */,
				F6C4F8B62B9B05A1007A8D29 /* Model */,
				F6C4F8B42B9B056D007A8D29 /* Extension */,
				F6C4F8A42B9AEC41007A8D29 /* Assets.xcassets */,
				F6C4F8A62B9AEC41007A8D29 /* Preview Content */,
			);
			path = For42GS;
			sourceTree = "<group>";
		};
		F6C4F8A62B9AEC41007A8D29 /* Preview Content */ = {
			isa = PBXGroup;
			children = (
				F6C4F8A72B9AEC41007A8D29 /* Preview Assets.xcassets */,
			);
			path = "Preview Content";
			sourceTree = "<group>";
		};
		F6C4F8B42B9B056D007A8D29 /* Extension */ = {
			isa = PBXGroup;
			children = (
				F6C4F8B22B9AFD10007A8D29 /* UIScreen.swift */,
			);
			path = Extension;
			sourceTree = "<group>";
		};
		F6C4F8B62B9B05A1007A8D29 /* Model */ = {
			isa = PBXGroup;
			children = (
				F6C4F8AE2B9AEDAD007A8D29 /* Auth.swift */,
			);
			path = Model;
			sourceTree = "<group>";
		};
		F6C4F8B72B9B0612007A8D29 /* View */ = {
			isa = PBXGroup;
			children = (
				F6C4F8A22B9AEC40007A8D29 /* ContentView.swift */,
				F6FA7F942BD6305F00738F65 /* Info.swift */,
			);
			path = View;
			sourceTree = "<group>";
		};
		F6C4F8B82B9B0623007A8D29 /* Service */ = {
			isa = PBXGroup;
			children = (
				F6C4F8B02B9AF956007A8D29 /* Service.swift */,
			);
			path = Service;
			sourceTree = "<group>";
		};
/* End PBXGroup section */

/* Begin PBXNativeTarget section */
		F6C4F89C2B9AEC40007A8D29 /* For42GS */ = {
			isa = PBXNativeTarget;
			buildConfigurationList = F6C4F8AB2B9AEC41007A8D29 /* Build configuration list for PBXNativeTarget "For42GS" */;
			buildPhases = (
				F6C4F8992B9AEC40007A8D29 /* Sources */,
				F6C4F89A2B9AEC40007A8D29 /* Frameworks */,
				F6C4F89B2B9AEC40007A8D29 /* Resources */,
			);
			buildRules = (
			);
			dependencies = (
			);
			name = For42GS;
			packageProductDependencies = (
				F6C4F8BF2B9B1042007A8D29 /* Alamofire */,
			);
			productName = For42GS;
			productReference = F6C4F89D2B9AEC40007A8D29 /* For42GS.app */;
			productType = "com.apple.product-type.application";
		};
/* End PBXNativeTarget section */

/* Begin PBXProject section */
		F6C4F8952B9AEC40007A8D29 /* Project object */ = {
			isa = PBXProject;
			attributes = {
				BuildIndependentTargetsInParallel = 1;
				LastSwiftUpdateCheck = 1530;
				LastUpgradeCheck = 1530;
				TargetAttributes = {
					F6C4F89C2B9AEC40007A8D29 = {
						CreatedOnToolsVersion = 15.3;
					};
				};
			};
			buildConfigurationList = F6C4F8982B9AEC40007A8D29 /* Build configuration list for PBXProject "For42GS" */;
			compatibilityVersion = "Xcode 14.0";
			developmentRegion = ko;
			hasScannedForEncodings = 0;
			knownRegions = (
				en,
				Base,
				ko,
			);
			mainGroup = F6C4F8942B9AEC40007A8D29;
			packageReferences = (
				F6C4F8BE2B9B1042007A8D29 /* XCRemoteSwiftPackageReference "Alamofire" */,
			);
			productRefGroup = F6C4F89E2B9AEC40007A8D29 /* Products */;
			projectDirPath = "";
			projectRoot = "";
			targets = (
				F6C4F89C2B9AEC40007A8D29 /* For42GS */,
			);
		};
/* End PBXProject section */

/* Begin PBXResourcesBuildPhase section */
		F6C4F89B2B9AEC40007A8D29 /* Resources */ = {
			isa = PBXResourcesBuildPhase;
			buildActionMask = 2147483647;
			files = (
				F6C4F8A82B9AEC41007A8D29 /* Preview Assets.xcassets in Resources */,
				F6C4F8A52B9AEC41007A8D29 /* Assets.xcassets in Resources */,
			);
			runOnlyForDeploymentPostprocessing = 0;
		};
/* End PBXResourcesBuildPhase section */

/* Begin PBXSourcesBuildPhase section */
		F6C4F8992B9AEC40007A8D29 /* Sources */ = {
			isa = PBXSourcesBuildPhase;
			buildActionMask = 2147483647;
			files = (
				F6C4F8AF2B9AEDAD007A8D29 /* Auth.swift in Sources */,
				F6C4F8B12B9AF956007A8D29 /* Service.swift in Sources */,
				F6C4F8A32B9AEC40007A8D29 /* ContentView.swift in Sources */,
				F6FA7F952BD6305F00738F65 /* Info.swift in Sources */,
				F6C4F8A12B9AEC40007A8D29 /* For42GSApp.swift in Sources */,
				F6C4F8B32B9AFD10007A8D29 /* UIScreen.swift in Sources */,
			);
			runOnlyForDeploymentPostprocessing = 0;
		};
/* End PBXSourcesBuildPhase section */

/* Begin XCBuildConfiguration section */
		F6C4F8A92B9AEC41007A8D29 /* Debug */ = {
			isa = XCBuildConfiguration;
			buildSettings = {
				ALWAYS_SEARCH_USER_PATHS = NO;
				ASSETCATALOG_COMPILER_GENERATE_SWIFT_ASSET_SYMBOL_EXTENSIONS = YES;
				CLANG_ANALYZER_NONNULL = YES;
				CLANG_ANALYZER_NUMBER_OBJECT_CONVERSION = YES_AGGRESSIVE;
				CLANG_CXX_LANGUAGE_STANDARD = "gnu++20";
				CLANG_ENABLE_MODULES = YES;
				CLANG_ENABLE_OBJC_ARC = YES;
				CLANG_ENABLE_OBJC_WEAK = YES;
				CLANG_WARN_BLOCK_CAPTURE_AUTORELEASING = YES;
				CLANG_WARN_BOOL_CONVERSION = YES;
				CLANG_WARN_COMMA = YES;
				CLANG_WARN_CONSTANT_CONVERSION = YES;
				CLANG_WARN_DEPRECATED_OBJC_IMPLEMENTATIONS = YES;
				CLANG_WARN_DIRECT_OBJC_ISA_USAGE = YES_ERROR;
				CLANG_WARN_DOCUMENTATION_COMMENTS = YES;
				CLANG_WARN_EMPTY_BODY = YES;
				CLANG_WARN_ENUM_CONVERSION = YES;
				CLANG_WARN_INFINITE_RECURSION = YES;
				CLANG_WARN_INT_CONVERSION = YES;
				CLANG_WARN_NON_LITERAL_NULL_CONVERSION = YES;
				CLANG_WARN_OBJC_IMPLICIT_RETAIN_SELF = YES;
				CLANG_WARN_OBJC_LITERAL_CONVERSION = YES;
				CLANG_WARN_OBJC_ROOT_CLASS = YES_ERROR;
				CLANG_WARN_QUOTED_INCLUDE_IN_FRAMEWORK_HEADER = YES;
				CLANG_WARN_RANGE_LOOP_ANALYSIS = YES;
				CLANG_WARN_STRICT_PROTOTYPES = YES;
				CLANG_WARN_SUSPICIOUS_MOVE = YES;
				CLANG_WARN_UNGUARDED_AVAILABILITY = YES_AGGRESSIVE;
				CLANG_WARN_UNREACHABLE_CODE = YES;
				CLANG_WARN__DUPLICATE_METHOD_MATCH = YES;
				COPY_PHASE_STRIP = NO;
				DEBUG_INFORMATION_FORMAT = dwarf;
				ENABLE_STRICT_OBJC_MSGSEND = YES;
				ENABLE_TESTABILITY = YES;
				ENABLE_USER_SCRIPT_SANDBOXING = YES;
				GCC_C_LANGUAGE_STANDARD = gnu17;
				GCC_DYNAMIC_NO_PIC = NO;
				GCC_NO_COMMON_BLOCKS = YES;
				GCC_OPTIMIZATION_LEVEL = 0;
				GCC_PREPROCESSOR_DEFINITIONS = (
					"DEBUG=1",
					"$(inherited)",
				);
				GCC_WARN_64_TO_32_BIT_CONVERSION = YES;
				GCC_WARN_ABOUT_RETURN_TYPE = YES_ERROR;
				GCC_WARN_UNDECLARED_SELECTOR = YES;
				GCC_WARN_UNINITIALIZED_AUTOS = YES_AGGRESSIVE;
				GCC_WARN_UNUSED_FUNCTION = YES;
				GCC_WARN_UNUSED_VARIABLE = YES;
				IPHONEOS_DEPLOYMENT_TARGET = 17.0;
				LOCALIZATION_PREFERS_STRING_CATALOGS = YES;
				MTL_ENABLE_DEBUG_INFO = INCLUDE_SOURCE;
				MTL_FAST_MATH = YES;
				ONLY_ACTIVE_ARCH = YES;
				SDKROOT = iphoneos;
				SWIFT_ACTIVE_COMPILATION_CONDITIONS = "DEBUG $(inherited)";
				SWIFT_OPTIMIZATION_LEVEL = "-Onone";
			};
			name = Debug;
		};
		F6C4F8AA2B9AEC41007A8D29 /* Release */ = {
			isa = XCBuildConfiguration;
			buildSettings = {
				ALWAYS_SEARCH_USER_PATHS = NO;
				ASSETCATALOG_COMPILER_GENERATE_SWIFT_ASSET_SYMBOL_EXTENSIONS = YES;
				CLANG_ANALYZER_NONNULL = YES;
				CLANG_ANALYZER_NUMBER_OBJECT_CONVERSION = YES_AGGRESSIVE;
				CLANG_CXX_LANGUAGE_STANDARD = "gnu++20";
				CLANG_ENABLE_MODULES = YES;
				CLANG_ENABLE_OBJC_ARC = YES;
				CLANG_ENABLE_OBJC_WEAK = YES;
				CLANG_WARN_BLOCK_CAPTURE_AUTORELEASING = YES;
				CLANG_WARN_BOOL_CONVERSION = YES;
				CLANG_WARN_COMMA = YES;
				CLANG_WARN_CONSTANT_CONVERSION = YES;
				CLANG_WARN_DEPRECATED_OBJC_IMPLEMENTATIONS = YES;
				CLANG_WARN_DIRECT_OBJC_ISA_USAGE = YES_ERROR;
				CLANG_WARN_DOCUMENTATION_COMMENTS = YES;
				CLANG_WARN_EMPTY_BODY = YES;
				CLANG_WARN_ENUM_CONVERSION = YES;
				CLANG_WARN_INFINITE_RECURSION = YES;
				CLANG_WARN_INT_CONVERSION = YES;
				CLANG_WARN_NON_LITERAL_NULL_CONVERSION = YES;
				CLANG_WARN_OBJC_IMPLICIT_RETAIN_SELF = YES;
				CLANG_WARN_OBJC_LITERAL_CONVERSION = YES;
				CLANG_WARN_OBJC_ROOT_CLASS = YES_ERROR;
				CLANG_WARN_QUOTED_INCLUDE_IN_FRAMEWORK_HEADER = YES;
				CLANG_WARN_RANGE_LOOP_ANALYSIS = YES;
				CLANG_WARN_STRICT_PROTOTYPES = YES;
				CLANG_WARN_SUSPICIOUS_MOVE = YES;
				CLANG_WARN_UNGUARDED_AVAILABILITY = YES_AGGRESSIVE;
				CLANG_WARN_UNREACHABLE_CODE = YES;
				CLANG_WARN__DUPLICATE_METHOD_MATCH = YES;
				COPY_PHASE_STRIP = NO;
				DEBUG_INFORMATION_FORMAT = "dwarf-with-dsym";
				ENABLE_NS_ASSERTIONS = NO;
				ENABLE_STRICT_OBJC_MSGSEND = YES;
				ENABLE_USER_SCRIPT_SANDBOXING = YES;
				GCC_C_LANGUAGE_STANDARD = gnu17;
				GCC_NO_COMMON_BLOCKS = YES;
				GCC_WARN_64_TO_32_BIT_CONVERSION = YES;
				GCC_WARN_ABOUT_RETURN_TYPE = YES_ERROR;
				GCC_WARN_UNDECLARED_SELECTOR = YES;
				GCC_WARN_UNINITIALIZED_AUTOS = YES_AGGRESSIVE;
				GCC_WARN_UNUSED_FUNCTION = YES;
				GCC_WARN_UNUSED_VARIABLE = YES;
				IPHONEOS_DEPLOYMENT_TARGET = 17.0;
				LOCALIZATION_PREFERS_STRING_CATALOGS = YES;
				MTL_ENABLE_DEBUG_INFO = NO;
				MTL_FAST_MATH = YES;
				SDKROOT = iphoneos;
				SWIFT_COMPILATION_MODE = wholemodule;
				VALIDATE_PRODUCT = YES;
			};
			name = Release;
		};
		F6C4F8AC2B9AEC41007A8D29 /* Debug */ = {
			isa = XCBuildConfiguration;
			buildSettings = {
				ASSETCATALOG_COMPILER_APPICON_NAME = AppIcon;
				ASSETCATALOG_COMPILER_GLOBAL_ACCENT_COLOR_NAME = AccentColor;
				CODE_SIGN_STYLE = Automatic;
				CURRENT_PROJECT_VERSION = 1;
				DEVELOPMENT_ASSET_PATHS = "\"For42GS/Preview Content\"";
				DEVELOPMENT_TEAM = 6RJC8T2X94;
				ENABLE_PREVIEWS = YES;
				GENERATE_INFOPLIST_FILE = YES;
				INFOPLIST_KEY_CFBundleDisplayName = 42GS;
				INFOPLIST_KEY_LSApplicationCategoryType = "public.app-category.social-networking";
				INFOPLIST_KEY_UIApplicationSceneManifest_Generation = YES;
				INFOPLIST_KEY_UIApplicationSupportsIndirectInputEvents = YES;
				INFOPLIST_KEY_UILaunchScreen_Generation = YES;
				INFOPLIST_KEY_UISupportedInterfaceOrientations_iPad = "UIInterfaceOrientationPortrait UIInterfaceOrientationPortraitUpsideDown UIInterfaceOrientationLandscapeLeft UIInterfaceOrientationLandscapeRight";
				INFOPLIST_KEY_UISupportedInterfaceOrientations_iPhone = "UIInterfaceOrientationPortrait UIInterfaceOrientationLandscapeLeft UIInterfaceOrientationLandscapeRight";
				IPHONEOS_DEPLOYMENT_TARGET = 17.0;
				LD_RUNPATH_SEARCH_PATHS = (
					"$(inherited)",
					"@executable_path/Frameworks",
				);
				MARKETING_VERSION = 1.0;
				PRODUCT_BUNDLE_IDENTIFIER = DonsNote.For42GS;
				PRODUCT_NAME = "$(TARGET_NAME)";
				SUPPORTED_PLATFORMS = "iphoneos iphonesimulator";
				SUPPORTS_MACCATALYST = NO;
				SUPPORTS_MAC_DESIGNED_FOR_IPHONE_IPAD = NO;
				SWIFT_EMIT_LOC_STRINGS = YES;
				SWIFT_VERSION = 5.0;
				TARGETED_DEVICE_FAMILY = 1;
			};
			name = Debug;
		};
		F6C4F8AD2B9AEC41007A8D29 /* Release */ = {
			isa = XCBuildConfiguration;
			buildSettings = {
				ASSETCATALOG_COMPILER_APPICON_NAME = AppIcon;
				ASSETCATALOG_COMPILER_GLOBAL_ACCENT_COLOR_NAME = AccentColor;
				CODE_SIGN_STYLE = Automatic;
				CURRENT_PROJECT_VERSION = 1;
				DEVELOPMENT_ASSET_PATHS = "\"For42GS/Preview Content\"";
				DEVELOPMENT_TEAM = 6RJC8T2X94;
				ENABLE_PREVIEWS = YES;
				GENERATE_INFOPLIST_FILE = YES;
				INFOPLIST_KEY_CFBundleDisplayName = 42GS;
				INFOPLIST_KEY_LSApplicationCategoryType = "public.app-category.social-networking";
				INFOPLIST_KEY_UIApplicationSceneManifest_Generation = YES;
				INFOPLIST_KEY_UIApplicationSupportsIndirectInputEvents = YES;
				INFOPLIST_KEY_UILaunchScreen_Generation = YES;
				INFOPLIST_KEY_UISupportedInterfaceOrientations_iPad = "UIInterfaceOrientationPortrait UIInterfaceOrientationPortraitUpsideDown UIInterfaceOrientationLandscapeLeft UIInterfaceOrientationLandscapeRight";
				INFOPLIST_KEY_UISupportedInterfaceOrientations_iPhone = "UIInterfaceOrientationPortrait UIInterfaceOrientationLandscapeLeft UIInterfaceOrientationLandscapeRight";
				IPHONEOS_DEPLOYMENT_TARGET = 17.0;
				LD_RUNPATH_SEARCH_PATHS = (
					"$(inherited)",
					"@executable_path/Frameworks",
				);
				MARKETING_VERSION = 1.0;
				PRODUCT_BUNDLE_IDENTIFIER = DonsNote.For42GS;
				PRODUCT_NAME = "$(TARGET_NAME)";
				SUPPORTED_PLATFORMS = "iphoneos iphonesimulator";
				SUPPORTS_MACCATALYST = NO;
				SUPPORTS_MAC_DESIGNED_FOR_IPHONE_IPAD = NO;
				SWIFT_EMIT_LOC_STRINGS = YES;
				SWIFT_VERSION = 5.0;
				TARGETED_DEVICE_FAMILY = 1;
			};
			name = Release;
		};
/* End XCBuildConfiguration section */

/* Begin XCConfigurationList section */
		F6C4F8982B9AEC40007A8D29 /* Build configuration list for PBXProject "For42GS" */ = {
			isa = XCConfigurationList;
			buildConfigurations = (
				F6C4F8A92B9AEC41007A8D29 /* Debug */,
				F6C4F8AA2B9AEC41007A8D29 /* Release */,
			);
			defaultConfigurationIsVisible = 0;
			defaultConfigurationName = Release;
		};
		F6C4F8AB2B9AEC41007A8D29 /* Build configuration list for PBXNativeTarget "For42GS" */ = {
			isa = XCConfigurationList;
			buildConfigurations = (
				F6C4F8AC2B9AEC41007A8D29 /* Debug */,
				F6C4F8AD2B9AEC41007A8D29 /* Release */,
			);
			defaultConfigurationIsVisible = 0;
			defaultConfigurationName = Release;
		};
/* End XCConfigurationList section */

/* Begin XCRemoteSwiftPackageReference section */
		F6C4F8BE2B9B1042007A8D29 /* XCRemoteSwiftPackageReference "Alamofire" */ = {
			isa = XCRemoteSwiftPackageReference;
			repositoryURL = "https://github.com/Alamofire/Alamofire";
			requirement = {
				kind = exactVersion;
				version = 5.7.0;
			};
		};
/* End XCRemoteSwiftPackageReference section */

/* Begin XCSwiftPackageProductDependency section */
		F6C4F8BF2B9B1042007A8D29 /* Alamofire */ = {
			isa = XCSwiftPackageProductDependency;
			package = F6C4F8BE2B9B1042007A8D29 /* XCRemoteSwiftPackageReference "Alamofire" */;
			productName = Alamofire;
		};
/* End XCSwiftPackageProductDependency section */
	};
	rootObject = F6C4F8952B9AEC40007A8D29 /* Project object */;
}
